
Microsoft Visual Studio Solution File, Format Version 12.00
# Visual Studio Version 17
VisualStudioVersion = 17.5.33530.505
MinimumVisualStudioVersion = 10.0.40219.1
Project("{FAE04EC0-301F-11D3-BF4B-00C04F79EFBC}") = "prog6-parcial1", "prog6-parcial1.csproj", "{0F439907-F4E1-4C55-82D2-1F2CDB262930}"
EndProject
Global
	GlobalSection(SolutionConfigurationPlatforms) = preSolution
		Debug|Any CPU = Debug|Any CPU
		Release|Any CPU = Release|Any CPU
	EndGlobalSection
	GlobalSection(ProjectConfigurationPlatforms) = postSolution
		{0F439907-F4E1-4C55-82D2-1F2CDB262930}.Debug|Any CPU.ActiveCfg = Debug|Any CPU
		{0F439907-F4E1-4C55-82D2-1F2CDB262930}.Debug|Any CPU.Build.0 = Debug|Any CPU
		{0F439907-F4E1-4C55-82D2-1F2CDB262930}.Release|Any CPU.ActiveCfg = Release|Any CPU
		{0F439907-F4E1-4C55-82D2-1F2CDB262930}.Release|Any CPU.Build.0 = Release|Any CPU
	EndGlobalSection
	GlobalSection(SolutionProperties) = preSolution
		HideSolutionNode = FALSE
	EndGlobalSection
	GlobalSection(ExtensibilityGlobals) = postSolution
		SolutionGuid = {35CE3685-816C-4FA5-B8E8-F3FDF938AA1D}
	EndGlobalSection
EndGlobal
